// !$*UTF8*$!
{
	archiveVersion = 1;
	classes = {
	};
	objectVersion = 77;
	objects = {

/* Begin PBXContainerItemProxy section */
		A16D0F712D07DC8800BEEA42 /* PBXContainerItemProxy */ = {
			isa = PBXContainerItemProxy;
			containerPortal = A16D0F522D07DC8700BEEA42 /* Project object */;
			proxyType = 1;
			remoteGlobalIDString = A16D0F592D07DC8700BEEA42;
			remoteInfo = "MVVM-Clean-Coordinator";
		};
		A16D0F7B2D07DC8800BEEA42 /* PBXContainerItemProxy */ = {
			isa = PBXContainerItemProxy;
			containerPortal = A16D0F522D07DC8700BEEA42 /* Project object */;
			proxyType = 1;
			remoteGlobalIDString = A16D0F592D07DC8700BEEA42;
			remoteInfo = "MVVM-Clean-Coordinator";
		};
/* End PBXContainerItemProxy section */

/* Begin PBXFileReference section */
		A16D0F5A2D07DC8700BEEA42 /* MVVM-Clean-Coordinator.app */ = {isa = PBXFileReference; explicitFileType = wrapper.application; includeInIndex = 0; path = "MVVM-Clean-Coordinator.app"; sourceTree = BUILT_PRODUCTS_DIR; };
		A16D0F702D07DC8800BEEA42 /* MVVM-Clean-CoordinatorTests.xctest */ = {isa = PBXFileReference; explicitFileType = wrapper.cfbundle; includeInIndex = 0; path = "MVVM-Clean-CoordinatorTests.xctest"; sourceTree = BUILT_PRODUCTS_DIR; };
		A16D0F7A2D07DC8800BEEA42 /* MVVM-Clean-CoordinatorUITests.xctest */ = {isa = PBXFileReference; explicitFileType = wrapper.cfbundle; includeInIndex = 0; path = "MVVM-Clean-CoordinatorUITests.xctest"; sourceTree = BUILT_PRODUCTS_DIR; };
/* End PBXFileReference section */

/* Begin PBXFileSystemSynchronizedBuildFileExceptionSet section */
		A16D0F822D07DC8800BEEA42 /* Exceptions for "MVVM-Clean-Coordinator" folder in "MVVM-Clean-Coordinator" target */ = {
			isa = PBXFileSystemSynchronizedBuildFileExceptionSet;
			membershipExceptions = (
				Info.plist,
			);
			target = A16D0F592D07DC8700BEEA42 /* MVVM-Clean-Coordinator */;
		};
/* End PBXFileSystemSynchronizedBuildFileExceptionSet section */

/* Begin PBXFileSystemSynchronizedRootGroup section */
		A16D0F5C2D07DC8700BEEA42 /* MVVM-Clean-Coordinator */ = {
			isa = PBXFileSystemSynchronizedRootGroup;
			exceptions = (
				A16D0F822D07DC8800BEEA42 /* Exceptions for "MVVM-Clean-Coordinator" folder in "MVVM-Clean-Coordinator" target */,
			);
			path = "MVVM-Clean-Coordinator";
			sourceTree = "<group>";
		};
		A16D0F732D07DC8800BEEA42 /* MVVM-Clean-CoordinatorTests */ = {
			isa = PBXFileSystemSynchronizedRootGroup;
			path = "MVVM-Clean-CoordinatorTests";
			sourceTree = "<group>";
		};
		A16D0F7D2D07DC8800BEEA42 /* MVVM-Clean-CoordinatorUITests */ = {
			isa = PBXFileSystemSynchronizedRootGroup;
			path = "MVVM-Clean-CoordinatorUITests";
			sourceTree = "<group>";
		};
/* End PBXFileSystemSynchronizedRootGroup section */

/* Begin PBXFrameworksBuildPhase section */
		A16D0F572D07DC8700BEEA42 /* Frameworks */ = {
			isa = PBXFrameworksBuildPhase;
			buildActionMask = 2147483647;
			files = (
			);
			runOnlyForDeploymentPostprocessing = 0;
		};
		A16D0F6D2D07DC8800BEEA42 /* Frameworks */ = {
			isa = PBXFrameworksBuildPhase;
			buildActionMask = 2147483647;
			files = (
			);
			runOnlyForDeploymentPostprocessing = 0;
		};
		A16D0F772D07DC8800BEEA42 /* Frameworks */ = {
			isa = PBXFrameworksBuildPhase;
			buildActionMask = 2147483647;
			files = (
			);
			runOnlyForDeploymentPostprocessing = 0;
		};
/* End PBXFrameworksBuildPhase section */

/* Begin PBXGroup section */
		A16D0F512D07DC8700BEEA42 = {
			isa = PBXGroup;
			children = (
				A16D0F5C2D07DC8700BEEA42 /* MVVM-Clean-Coordinator */,
				A16D0F732D07DC8800BEEA42 /* MVVM-Clean-CoordinatorTests */,
				A16D0F7D2D07DC8800BEEA42 /* MVVM-Clean-CoordinatorUITests */,
				A16D0F5B2D07DC8700BEEA42 /* Products */,
			);
			sourceTree = "<group>";
		};
		A16D0F5B2D07DC8700BEEA42 /* Products */ = {
			isa = PBXGroup;
			children = (
				A16D0F5A2D07DC8700BEEA42 /* MVVM-Clean-Coordinator.app */,
				A16D0F702D07DC8800BEEA42 /* MVVM-Clean-CoordinatorTests.xctest */,
				A16D0F7A2D07DC8800BEEA42 /* MVVM-Clean-CoordinatorUITests.xctest */,
			);
			name = Products;
			sourceTree = "<group>";
		};
/* End PBXGroup section */

/* Begin PBXNativeTarget section */
		A16D0F592D07DC8700BEEA42 /* MVVM-Clean-Coordinator */ = {
			isa = PBXNativeTarget;
			buildConfigurationList = A16D0F832D07DC8800BEEA42 /* Build configuration list for PBXNativeTarget "MVVM-Clean-Coordinator" */;
			buildPhases = (
				A16D0F562D07DC8700BEEA42 /* Sources */,
				A16D0F572D07DC8700BEEA42 /* Frameworks */,
				A16D0F582D07DC8700BEEA42 /* Resources */,
			);
			buildRules = (
			);
			dependencies = (
			);
			fileSystemSynchronizedGroups = (
				A16D0F5C2D07DC8700BEEA42 /* MVVM-Clean-Coordinator */,
			);
			name = "MVVM-Clean-Coordinator";
			packageProductDependencies = (
			);
			productName = "MVVM-Clean-Coordinator";
			productReference = A16D0F5A2D07DC8700BEEA42 /* MVVM-Clean-Coordinator.app */;
			productType = "com.apple.product-type.application";
		};
		A16D0F6F2D07DC8800BEEA42 /* MVVM-Clean-CoordinatorTests */ = {
			isa = PBXNativeTarget;
			buildConfigurationList = A16D0F882D07DC8800BEEA42 /* Build configuration list for PBXNativeTarget "MVVM-Clean-CoordinatorTests" */;
			buildPhases = (
				A16D0F6C2D07DC8800BEEA42 /* Sources */,
				A16D0F6D2D07DC8800BEEA42 /* Frameworks */,
				A16D0F6E2D07DC8800BEEA42 /* Resources */,
			);
			buildRules = (
			);
			dependencies = (
				A16D0F722D07DC8800BEEA42 /* PBXTargetDependency */,
			);
			fileSystemSynchronizedGroups = (
				A16D0F732D07DC8800BEEA42 /* MVVM-Clean-CoordinatorTests */,
			);
			name = "MVVM-Clean-CoordinatorTests";
			packageProductDependencies = (
			);
			productName = "MVVM-Clean-CoordinatorTests";
			productReference = A16D0F702D07DC8800BEEA42 /* MVVM-Clean-CoordinatorTests.xctest */;
			productType = "com.apple.product-type.bundle.unit-test";
		};
		A16D0F792D07DC8800BEEA42 /* MVVM-Clean-CoordinatorUITests */ = {
			isa = PBXNativeTarget;
			buildConfigurationList = A16D0F8B2D07DC8800BEEA42 /* Build configuration list for PBXNativeTarget "MVVM-Clean-CoordinatorUITests" */;
			buildPhases = (
				A16D0F762D07DC8800BEEA42 /* Sources */,
				A16D0F772D07DC8800BEEA42 /* Frameworks */,
				A16D0F782D07DC8800BEEA42 /* Resources */,
			);
			buildRules = (
			);
			dependencies = (
				A16D0F7C2D07DC8800BEEA42 /* PBXTargetDependency */,
			);
			fileSystemSynchronizedGroups = (
				A16D0F7D2D07DC8800BEEA42 /* MVVM-Clean-CoordinatorUITests */,
			);
			name = "MVVM-Clean-CoordinatorUITests";
			packageProductDependencies = (
			);
			productName = "MVVM-Clean-CoordinatorUITests";
			productReference = A16D0F7A2D07DC8800BEEA42 /* MVVM-Clean-CoordinatorUITests.xctest */;
			productType = "com.apple.product-type.bundle.ui-testing";
		};
/* End PBXNativeTarget section */

/* Begin PBXProject section */
		A16D0F522D07DC8700BEEA42 /* Project object */ = {
			isa = PBXProject;
			attributes = {
				BuildIndependentTargetsInParallel = 1;
				LastSwiftUpdateCheck = 1610;
				LastUpgradeCheck = 1610;
				TargetAttributes = {
					A16D0F592D07DC8700BEEA42 = {
						CreatedOnToolsVersion = 16.1;
					};
					A16D0F6F2D07DC8800BEEA42 = {
						CreatedOnToolsVersion = 16.1;
						TestTargetID = A16D0F592D07DC8700BEEA42;
					};
					A16D0F792D07DC8800BEEA42 = {
						CreatedOnToolsVersion = 16.1;
						TestTargetID = A16D0F592D07DC8700BEEA42;
					};
				};
			};
			buildConfigurationList = A16D0F552D07DC8700BEEA42 /* Build configuration list for PBXProject "MVVM-Clean-Coordinator" */;
			developmentRegion = en;
			hasScannedForEncodings = 0;
			knownRegions = (
				en,
				Base,
			);
			mainGroup = A16D0F512D07DC8700BEEA42;
			minimizedProjectReferenceProxies = 1;
			preferredProjectObjectVersion = 77;
			productRefGroup = A16D0F5B2D07DC8700BEEA42 /* Products */;
			projectDirPath = "";
			projectRoot = "";
			targets = (
				A16D0F592D07DC8700BEEA42 /* MVVM-Clean-Coordinator */,
				A16D0F6F2D07DC8800BEEA42 /* MVVM-Clean-CoordinatorTests */,
				A16D0F792D07DC8800BEEA42 /* MVVM-Clean-CoordinatorUITests */,
			);
		};
/* End PBXProject section */

/* Begin PBXResourcesBuildPhase section */
		A16D0F582D07DC8700BEEA42 /* Resources */ = {
			isa = PBXResourcesBuildPhase;
			buildActionMask = 2147483647;
			files = (
			);
			runOnlyForDeploymentPostprocessing = 0;
		};
		A16D0F6E2D07DC8800BEEA42 /* Resources */ = {
			isa = PBXResourcesBuildPhase;
			buildActionMask = 2147483647;
			files = (
			);
			runOnlyForDeploymentPostprocessing = 0;
		};
		A16D0F782D07DC8800BEEA42 /* Resources */ = {
			isa = PBXResourcesBuildPhase;
			buildActionMask = 2147483647;
			files = (
			);
			runOnlyForDeploymentPostprocessing = 0;
		};
/* End PBXResourcesBuildPhase section */

/* Begin PBXSourcesBuildPhase section */
		A16D0F562D07DC8700BEEA42 /* Sources */ = {
			isa = PBXSourcesBuildPhase;
			buildActionMask = 2147483647;
			files = (
			);
			runOnlyForDeploymentPostprocessing = 0;
		};
		A16D0F6C2D07DC8800BEEA42 /* Sources */ = {
			isa = PBXSourcesBuildPhase;
			buildActionMask = 2147483647;
			files = (
			);
			runOnlyForDeploymentPostprocessing = 0;
		};
		A16D0F762D07DC8800BEEA42 /* Sources */ = {
			isa = PBXSourcesBuildPhase;
			buildActionMask = 2147483647;
			files = (
			);
			runOnlyForDeploymentPostprocessing = 0;
		};
/* End PBXSourcesBuildPhase section */

/* Begin PBXTargetDependency section */
		A16D0F722D07DC8800BEEA42 /* PBXTargetDependency */ = {
			isa = PBXTargetDependency;
			target = A16D0F592D07DC8700BEEA42 /* MVVM-Clean-Coordinator */;
			targetProxy = A16D0F712D07DC8800BEEA42 /* PBXContainerItemProxy */;
		};
		A16D0F7C2D07DC8800BEEA42 /* PBXTargetDependency */ = {
			isa = PBXTargetDependency;
			target = A16D0F592D07DC8700BEEA42 /* MVVM-Clean-Coordinator */;
			targetProxy = A16D0F7B2D07DC8800BEEA42 /* PBXContainerItemProxy */;
		};
/* End PBXTargetDependency section */

/* Begin XCBuildConfiguration section */
		A16D0F842D07DC8800BEEA42 /* Debug */ = {
			isa = XCBuildConfiguration;
			buildSettings = {
				ASSETCATALOG_COMPILER_APPICON_NAME = AppIcon;
				ASSETCATALOG_COMPILER_GLOBAL_ACCENT_COLOR_NAME = AccentColor;
				CODE_SIGN_STYLE = Automatic;
				CURRENT_PROJECT_VERSION = 1;
				GENERATE_INFOPLIST_FILE = YES;
				INFOPLIST_FILE = "MVVM-Clean-Coordinator/Info.plist";
				INFOPLIST_KEY_UIApplicationSupportsIndirectInputEvents = YES;
				INFOPLIST_KEY_UILaunchStoryboardName = LaunchScreen;
				INFOPLIST_KEY_UISupportedInterfaceOrientations_iPad = "UIInterfaceOrientationPortrait UIInterfaceOrientationPortraitUpsideDown UIInterfaceOrientationLandscapeLeft UIInterfaceOrientationLandscapeRight";
				INFOPLIST_KEY_UISupportedInterfaceOrientations_iPhone = "UIInterfaceOrientationPortrait UIInterfaceOrientationLandscapeLeft UIInterfaceOrientationLandscapeRight";
				LD_RUNPATH_SEARCH_PATHS = (
					"$(inherited)",
					"@executable_path/Frameworks",
				);
				MARKETING_VERSION = 1.0;
				PRODUCT_BUNDLE_IDENTIFIER = "sgiraldog.MVVM-Clean-Coordinator";
				PRODUCT_NAME = "$(TARGET_NAME)";
				SWIFT_EMIT_LOC_STRINGS = YES;
				SWIFT_VERSION = 5.0;
				TARGETED_DEVICE_FAMILY = "1,2";
			};
			name = Debug;
		};
		A16D0F852D07DC8800BEEA42 /* Release */ = {
			isa = XCBuildConfiguration;
			buildSettings = {
				ASSETCATALOG_COMPILER_APPICON_NAME = AppIcon;
				ASSETCATALOG_COMPILER_GLOBAL_ACCENT_COLOR_NAME = AccentColor;
				CODE_SIGN_STYLE = Automatic;
				CURRENT_PROJECT_VERSION = 1;
				GENERATE_INFOPLIST_FILE = YES;
				INFOPLIST_FILE = "MVVM-Clean-Coordinator/Info.plist";
				INFOPLIST_KEY_UIApplicationSupportsIndirectInputEvents = YES;
				INFOPLIST_KEY_UILaunchStoryboardName = LaunchScreen;
				INFOPLIST_KEY_UISupportedInterfaceOrientations_iPad = "UIInterfaceOrientationPortrait UIInterfaceOrientationPortraitUpsideDown UIInterfaceOrientationLandscapeLeft UIInterfaceOrientationLandscapeRight";
				INFOPLIST_KEY_UISupportedInterfaceOrientations_iPhone = "UIInterfaceOrientationPortrait UIInterfaceOrientationLandscapeLeft UIInterfaceOrientationLandscapeRight";
				LD_RUNPATH_SEARCH_PATHS = (
					"$(inherited)",
					"@executable_path/Frameworks",
				);
				MARKETING_VERSION = 1.0;
				PRODUCT_BUNDLE_IDENTIFIER = "sgiraldog.MVVM-Clean-Coordinator";
				PRODUCT_NAME = "$(TARGET_NAME)";
				SWIFT_EMIT_LOC_STRINGS = YES;
				SWIFT_VERSION = 5.0;
				TARGETED_DEVICE_FAMILY = "1,2";
			};
			name = Release;
		};
		A16D0F862D07DC8800BEEA42 /* Debug */ = {
			isa = XCBuildConfiguration;
			buildSettings = {
				ALWAYS_SEARCH_USER_PATHS = NO;
				ASSETCATALOG_COMPILER_GENERATE_SWIFT_ASSET_SYMBOL_EXTENSIONS = YES;
				CLANG_ANALYZER_NONNULL = YES;
				CLANG_ANALYZER_NUMBER_OBJECT_CONVERSION = YES_AGGRESSIVE;
				CLANG_CXX_LANGUAGE_STANDARD = "gnu++20";
				CLANG_ENABLE_MODULES = YES;
				CLANG_ENABLE_OBJC_ARC = YES;
				CLANG_ENABLE_OBJC_WEAK = YES;
				CLANG_WARN_BLOCK_CAPTURE_AUTORELEASING = YES;
				CLANG_WARN_BOOL_CONVERSION = YES;
				CLANG_WARN_COMMA = YES;
				CLANG_WARN_CONSTANT_CONVERSION = YES;
				CLANG_WARN_DEPRECATED_OBJC_IMPLEMENTATIONS = YES;
				CLANG_WARN_DIRECT_OBJC_ISA_USAGE = YES_ERROR;
				CLANG_WARN_DOCUMENTATION_COMMENTS = YES;
				CLANG_WARN_EMPTY_BODY = YES;
				CLANG_WARN_ENUM_CONVERSION = YES;
				CLANG_WARN_INFINITE_RECURSION = YES;
				CLANG_WARN_INT_CONVERSION = YES;
				CLANG_WARN_NON_LITERAL_NULL_CONVERSION = YES;
				CLANG_WARN_OBJC_IMPLICIT_RETAIN_SELF = YES;
				CLANG_WARN_OBJC_LITERAL_CONVERSION = YES;
				CLANG_WARN_OBJC_ROOT_CLASS = YES_ERROR;
				CLANG_WARN_QUOTED_INCLUDE_IN_FRAMEWORK_HEADER = YES;
				CLANG_WARN_RANGE_LOOP_ANALYSIS = YES;
				CLANG_WARN_STRICT_PROTOTYPES = YES;
				CLANG_WARN_SUSPICIOUS_MOVE = YES;
				CLANG_WARN_UNGUARDED_AVAILABILITY = YES_AGGRESSIVE;
				CLANG_WARN_UNREACHABLE_CODE = YES;
				CLANG_WARN__DUPLICATE_METHOD_MATCH = YES;
				COPY_PHASE_STRIP = NO;
				DEBUG_INFORMATION_FORMAT = dwarf;
				ENABLE_STRICT_OBJC_MSGSEND = YES;
				ENABLE_TESTABILITY = YES;
				ENABLE_USER_SCRIPT_SANDBOXING = YES;
				GCC_C_LANGUAGE_STANDARD = gnu17;
				GCC_DYNAMIC_NO_PIC = NO;
				GCC_NO_COMMON_BLOCKS = YES;
				GCC_OPTIMIZATION_LEVEL = 0;
				GCC_PREPROCESSOR_DEFINITIONS = (
					"DEBUG=1",
					"$(inherited)",
				);
				GCC_WARN_64_TO_32_BIT_CONVERSION = YES;
				GCC_WARN_ABOUT_RETURN_TYPE = YES_ERROR;
				GCC_WARN_UNDECLARED_SELECTOR = YES;
				GCC_WARN_UNINITIALIZED_AUTOS = YES_AGGRESSIVE;
				GCC_WARN_UNUSED_FUNCTION = YES;
				GCC_WARN_UNUSED_VARIABLE = YES;
				IPHONEOS_DEPLOYMENT_TARGET = 18.1;
				LOCALIZATION_PREFERS_STRING_CATALOGS = YES;
				MTL_ENABLE_DEBUG_INFO = INCLUDE_SOURCE;
				MTL_FAST_MATH = YES;
				ONLY_ACTIVE_ARCH = YES;
				SDKROOT = iphoneos;
				SWIFT_ACTIVE_COMPILATION_CONDITIONS = "DEBUG $(inherited)";
				SWIFT_OPTIMIZATION_LEVEL = "-Onone";
			};
			name = Debug;
		};
		A16D0F872D07DC8800BEEA42 /* Release */ = {
			isa = XCBuildConfiguration;
			buildSettings = {
				ALWAYS_SEARCH_USER_PATHS = NO;
				ASSETCATALOG_COMPILER_GENERATE_SWIFT_ASSET_SYMBOL_EXTENSIONS = YES;
				CLANG_ANALYZER_NONNULL = YES;
				CLANG_ANALYZER_NUMBER_OBJECT_CONVERSION = YES_AGGRESSIVE;
				CLANG_CXX_LANGUAGE_STANDARD = "gnu++20";
				CLANG_ENABLE_MODULES = YES;
				CLANG_ENABLE_OBJC_ARC = YES;
				CLANG_ENABLE_OBJC_WEAK = YES;
				CLANG_WARN_BLOCK_CAPTURE_AUTORELEASING = YES;
				CLANG_WARN_BOOL_CONVERSION = YES;
				CLANG_WARN_COMMA = YES;
				CLANG_WARN_CONSTANT_CONVERSION = YES;
				CLANG_WARN_DEPRECATED_OBJC_IMPLEMENTATIONS = YES;
				CLANG_WARN_DIRECT_OBJC_ISA_USAGE = YES_ERROR;
				CLANG_WARN_DOCUMENTATION_COMMENTS = YES;
				CLANG_WARN_EMPTY_BODY = YES;
				CLANG_WARN_ENUM_CONVERSION = YES;
				CLANG_WARN_INFINITE_RECURSION = YES;
				CLANG_WARN_INT_CONVERSION = YES;
				CLANG_WARN_NON_LITERAL_NULL_CONVERSION = YES;
				CLANG_WARN_OBJC_IMPLICIT_RETAIN_SELF = YES;
				CLANG_WARN_OBJC_LITERAL_CONVERSION = YES;
				CLANG_WARN_OBJC_ROOT_CLASS = YES_ERROR;
				CLANG_WARN_QUOTED_INCLUDE_IN_FRAMEWORK_HEADER = YES;
				CLANG_WARN_RANGE_LOOP_ANALYSIS = YES;
				CLANG_WARN_STRICT_PROTOTYPES = YES;
				CLANG_WARN_SUSPICIOUS_MOVE = YES;
				CLANG_WARN_UNGUARDED_AVAILABILITY = YES_AGGRESSIVE;
				CLANG_WARN_UNREACHABLE_CODE = YES;
				CLANG_WARN__DUPLICATE_METHOD_MATCH = YES;
				COPY_PHASE_STRIP = NO;
				DEBUG_INFORMATION_FORMAT = "dwarf-with-dsym";
				ENABLE_NS_ASSERTIONS = NO;
				ENABLE_STRICT_OBJC_MSGSEND = YES;
				ENABLE_USER_SCRIPT_SANDBOXING = YES;
				GCC_C_LANGUAGE_STANDARD = gnu17;
				GCC_NO_COMMON_BLOCKS = YES;
				GCC_WARN_64_TO_32_BIT_CONVERSION = YES;
				GCC_WARN_ABOUT_RETURN_TYPE = YES_ERROR;
				GCC_WARN_UNDECLARED_SELECTOR = YES;
				GCC_WARN_UNINITIALIZED_AUTOS = YES_AGGRESSIVE;
				GCC_WARN_UNUSED_FUNCTION = YES;
				GCC_WARN_UNUSED_VARIABLE = YES;
				IPHONEOS_DEPLOYMENT_TARGET = 18.1;
				LOCALIZATION_PREFERS_STRING_CATALOGS = YES;
				MTL_ENABLE_DEBUG_INFO = NO;
				MTL_FAST_MATH = YES;
				SDKROOT = iphoneos;
				SWIFT_COMPILATION_MODE = wholemodule;
				VALIDATE_PRODUCT = YES;
			};
			name = Release;
		};
		A16D0F892D07DC8800BEEA42 /* Debug */ = {
			isa = XCBuildConfiguration;
			buildSettings = {
				BUNDLE_LOADER = "$(TEST_HOST)";
				CODE_SIGN_STYLE = Automatic;
				CURRENT_PROJECT_VERSION = 1;
				GENERATE_INFOPLIST_FILE = YES;
				IPHONEOS_DEPLOYMENT_TARGET = 18.1;
				MARKETING_VERSION = 1.0;
				PRODUCT_BUNDLE_IDENTIFIER = "sgiraldog.MVVM-Clean-CoordinatorTests";
				PRODUCT_NAME = "$(TARGET_NAME)";
				SWIFT_EMIT_LOC_STRINGS = NO;
				SWIFT_VERSION = 5.0;
				TARGETED_DEVICE_FAMILY = "1,2";
				TEST_HOST = "$(BUILT_PRODUCTS_DIR)/MVVM-Clean-Coordinator.app/$(BUNDLE_EXECUTABLE_FOLDER_PATH)/MVVM-Clean-Coordinator";
			};
			name = Debug;
		};
		A16D0F8A2D07DC8800BEEA42 /* Release */ = {
			isa = XCBuildConfiguration;
			buildSettings = {
				BUNDLE_LOADER = "$(TEST_HOST)";
				CODE_SIGN_STYLE = Automatic;
				CURRENT_PROJECT_VERSION = 1;
				GENERATE_INFOPLIST_FILE = YES;
				IPHONEOS_DEPLOYMENT_TARGET = 18.1;
				MARKETING_VERSION = 1.0;
				PRODUCT_BUNDLE_IDENTIFIER = "sgiraldog.MVVM-Clean-CoordinatorTests";
				PRODUCT_NAME = "$(TARGET_NAME)";
				SWIFT_EMIT_LOC_STRINGS = NO;
				SWIFT_VERSION = 5.0;
				TARGETED_DEVICE_FAMILY = "1,2";
				TEST_HOST = "$(BUILT_PRODUCTS_DIR)/MVVM-Clean-Coordinator.app/$(BUNDLE_EXECUTABLE_FOLDER_PATH)/MVVM-Clean-Coordinator";
			};
			name = Release;
		};
		A16D0F8C2D07DC8800BEEA42 /* Debug */ = {
			isa = XCBuildConfiguration;
			buildSettings = {
				CODE_SIGN_STYLE = Automatic;
				CURRENT_PROJECT_VERSION = 1;
				GENERATE_INFOPLIST_FILE = YES;
				MARKETING_VERSION = 1.0;
				PRODUCT_BUNDLE_IDENTIFIER = "sgiraldog.MVVM-Clean-CoordinatorUITests";
				PRODUCT_NAME = "$(TARGET_NAME)";
				SWIFT_EMIT_LOC_STRINGS = NO;
				SWIFT_VERSION = 5.0;
				TARGETED_DEVICE_FAMILY = "1,2";
				TEST_TARGET_NAME = "MVVM-Clean-Coordinator";
			};
			name = Debug;
		};
		A16D0F8D2D07DC8800BEEA42 /* Release */ = {
			isa = XCBuildConfiguration;
			buildSettings = {
				CODE_SIGN_STYLE = Automatic;
				CURRENT_PROJECT_VERSION = 1;
				GENERATE_INFOPLIST_FILE = YES;
				MARKETING_VERSION = 1.0;
				PRODUCT_BUNDLE_IDENTIFIER = "sgiraldog.MVVM-Clean-CoordinatorUITests";
				PRODUCT_NAME = "$(TARGET_NAME)";
				SWIFT_EMIT_LOC_STRINGS = NO;
				SWIFT_VERSION = 5.0;
				TARGETED_DEVICE_FAMILY = "1,2";
				TEST_TARGET_NAME = "MVVM-Clean-Coordinator";
			};
			name = Release;
		};
/* End XCBuildConfiguration section */

/* Begin XCConfigurationList section */
		A16D0F552D07DC8700BEEA42 /* Build configuration list for PBXProject "MVVM-Clean-Coordinator" */ = {
			isa = XCConfigurationList;
			buildConfigurations = (
				A16D0F862D07DC8800BEEA42 /* Debug */,
				A16D0F872D07DC8800BEEA42 /* Release */,
			);
			defaultConfigurationIsVisible = 0;
			defaultConfigurationName = Release;
		};
		A16D0F832D07DC8800BEEA42 /* Build configuration list for PBXNativeTarget "MVVM-Clean-Coordinator" */ = {
			isa = XCConfigurationList;
			buildConfigurations = (
				A16D0F842D07DC8800BEEA42 /* Debug */,
				A16D0F852D07DC8800BEEA42 /* Release */,
			);
			defaultConfigurationIsVisible = 0;
			defaultConfigurationName = Release;
		};
		A16D0F882D07DC8800BEEA42 /* Build configuration list for PBXNativeTarget "MVVM-Clean-CoordinatorTests" */ = {
			isa = XCConfigurationList;
			buildConfigurations = (
				A16D0F892D07DC8800BEEA42 /* Debug */,
				A16D0F8A2D07DC8800BEEA42 /* Release */,
			);
			defaultConfigurationIsVisible = 0;
			defaultConfigurationName = Release;
		};
		A16D0F8B2D07DC8800BEEA42 /* Build configuration list for PBXNativeTarget "MVVM-Clean-CoordinatorUITests" */ = {
			isa = XCConfigurationList;
			buildConfigurations = (
				A16D0F8C2D07DC8800BEEA42 /* Debug */,
				A16D0F8D2D07DC8800BEEA42 /* Release */,
			);
			defaultConfigurationIsVisible = 0;
			defaultConfigurationName = Release;
		};
/* End XCConfigurationList section */
	};
	rootObject = A16D0F522D07DC8700BEEA42 /* Project object */;
}
